
Microsoft Visual Studio Solution File, Format Version 12.00
# Visual Studio Version 16
VisualStudioVersion = 16.0.30011.22
MinimumVisualStudioVersion = 10.0.40219.1
Project("{FAE04EC0-301F-11D3-BF4B-00C04F79EFBC}") = "GenericRepository.Data", "GenericRepository.Data\GenericRepository.Data.csproj", "{BC431103-4CE6-410C-8888-C90251F131C5}"
EndProject
Global
	GlobalSection(SolutionConfigurationPlatforms) = preSolution
		Debug|Any CPU = Debug|Any CPU
		Release|Any CPU = Release|Any CPU
	EndGlobalSection
	GlobalSection(ProjectConfigurationPlatforms) = postSolution
		{BC431103-4CE6-410C-8888-C90251F131C5}.Debug|Any CPU.ActiveCfg = Debug|Any CPU
		{BC431103-4CE6-410C-8888-C90251F131C5}.Debug|Any CPU.Build.0 = Debug|Any CPU
		{BC431103-4CE6-410C-8888-C90251F131C5}.Release|Any CPU.ActiveCfg = Release|Any CPU
		{BC431103-4CE6-410C-8888-C90251F131C5}.Release|Any CPU.Build.0 = Release|Any CPU
	EndGlobalSection
	GlobalSection(SolutionProperties) = preSolution
		HideSolutionNode = FALSE
	EndGlobalSection
	GlobalSection(ExtensibilityGlobals) = postSolution
		SolutionGuid = {A1C03FB9-0C63-4A6B-A21A-DE95C041F139}
	EndGlobalSection
EndGlobal
